
Microsoft Visual Studio Solution File, Format Version 12.00
# Visual Studio 15
VisualStudioVersion = 15.0.26430.16
MinimumVisualStudioVersion = 10.0.40219.1
Project("{FAE04EC0-301F-11D3-BF4B-00C04F79EFBC}") = "DataTransfer", "DataTransfer\DataTransfer.csproj", "{81022E1A-B677-4789-858A-0F9364AFBF70}"
EndProject
Project("{FAE04EC0-301F-11D3-BF4B-00C04F79EFBC}") = "Model", "Model\Model.csproj", "{55F00BD9-4EAA-4E31-8A41-5C4CC6996D20}"
EndProject
Project("{FAE04EC0-301F-11D3-BF4B-00C04F79EFBC}") = "DAL", "DAL\DAL.csproj", "{F3653B7F-0D11-4C3C-8BCE-433D62100400}"
EndProject
Project("{FAE04EC0-301F-11D3-BF4B-00C04F79EFBC}") = "DBUtility", "DBUtility\DBUtility.csproj", "{B0FB3E03-851E-40B1-A98D-13E048302ABE}"
EndProject
Project("{FAE04EC0-301F-11D3-BF4B-00C04F79EFBC}") = "Formula", "Formula\Formula.csproj", "{B14D58AC-81E8-4776-AA0A-B10BC805BDA3}"
EndProject
Project("{FAE04EC0-301F-11D3-BF4B-00C04F79EFBC}") = "UI", "UI\UI.csproj", "{1B549E04-3E46-40FC-ADAA-7310ED4EA142}"
EndProject
Project("{FAE04EC0-301F-11D3-BF4B-00C04F79EFBC}") = "DJKUI", "DJKDemo\DJKUI.csproj", "{5619FDFC-C6C1-4A45-9D4E-BDC926FE7CFF}"
EndProject
Project("{FAE04EC0-301F-11D3-BF4B-00C04F79EFBC}") = "Paricom", "Paricom\Paricom.csproj", "{39043528-6D22-494B-AE8F-383D31B9CC0D}"
EndProject
Project("{FAE04EC0-301F-11D3-BF4B-00C04F79EFBC}") = "Admin", "Admin\Admin.csproj", "{0C1D79C4-E791-4353-B1E1-37E5C60BB63A}"
EndProject
Project("{FAE04EC0-301F-11D3-BF4B-00C04F79EFBC}") = "Common", "Common\Common.csproj", "{EE24754B-1446-47C6-8E79-7A83471DC1C7}"
EndProject
Project("{FAE04EC0-301F-11D3-BF4B-00C04F79EFBC}") = "QiYuan", "QiYuan\QiYuan.csproj", "{E11B89FA-9766-4205-B46A-6684A4474E69}"
EndProject
Project("{FAE04EC0-301F-11D3-BF4B-00C04F79EFBC}") = "JHHY", "JHHR\JHHY.csproj", "{8DEC81D1-8720-4DAF-952E-B98093EE4175}"
EndProject
Project("{FAE04EC0-301F-11D3-BF4B-00C04F79EFBC}") = "JKJC", "JKJC\JKJC.csproj", "{F7CC16A0-3A82-4952-8866-4CA650C0D4BF}"
EndProject
Project("{FAE04EC0-301F-11D3-BF4B-00C04F79EFBC}") = "ProcessMonitor", "ProcessMonitor\ProcessMonitor.csproj", "{2C8A97C2-3E56-40A8-BA07-00673E0F145F}"
EndProject
Project("{FAE04EC0-301F-11D3-BF4B-00C04F79EFBC}") = "JKApp", "JKApp\JKApp.csproj", "{998ED559-D633-46EB-AC42-6A1637D74144}"
EndProject
Project("{FAE04EC0-301F-11D3-BF4B-00C04F79EFBC}") = "AuService", "AuService\AuService.csproj", "{CB9864E2-D726-4BE0-9CB0-61FDF9FA73E8}"
EndProject
Project("{FAE04EC0-301F-11D3-BF4B-00C04F79EFBC}") = "KeyGenerator", "KeyGenerator\KeyGenerator.csproj", "{C7D6B5F8-B40D-48FA-9BB4-23FD990CD4D0}"
EndProject
Project("{FAE04EC0-301F-11D3-BF4B-00C04F79EFBC}") = "DBAgentTest", "DBAgentTest\DBAgentTest.csproj", "{8EAB2E2B-F660-4FBC-803B-1FD129D6EF46}"
EndProject
Global
	GlobalSection(SolutionConfigurationPlatforms) = preSolution
		Debug|Any CPU = Debug|Any CPU
		Release|Any CPU = Release|Any CPU
	EndGlobalSection
	GlobalSection(ProjectConfigurationPlatforms) = postSolution
		{81022E1A-B677-4789-858A-0F9364AFBF70}.Debug|Any CPU.ActiveCfg = Debug|Any CPU
		{81022E1A-B677-4789-858A-0F9364AFBF70}.Debug|Any CPU.Build.0 = Debug|Any CPU
		{81022E1A-B677-4789-858A-0F9364AFBF70}.Release|Any CPU.ActiveCfg = Release|Any CPU
		{81022E1A-B677-4789-858A-0F9364AFBF70}.Release|Any CPU.Build.0 = Release|Any CPU
		{55F00BD9-4EAA-4E31-8A41-5C4CC6996D20}.Debug|Any CPU.ActiveCfg = Debug|Any CPU
		{55F00BD9-4EAA-4E31-8A41-5C4CC6996D20}.Debug|Any CPU.Build.0 = Debug|Any CPU
		{55F00BD9-4EAA-4E31-8A41-5C4CC6996D20}.Release|Any CPU.ActiveCfg = Release|Any CPU
		{55F00BD9-4EAA-4E31-8A41-5C4CC6996D20}.Release|Any CPU.Build.0 = Release|Any CPU
		{F3653B7F-0D11-4C3C-8BCE-433D62100400}.Debug|Any CPU.ActiveCfg = Debug|Any CPU
		{F3653B7F-0D11-4C3C-8BCE-433D62100400}.Debug|Any CPU.Build.0 = Debug|Any CPU
		{F3653B7F-0D11-4C3C-8BCE-433D62100400}.Release|Any CPU.ActiveCfg = Release|Any CPU
		{F3653B7F-0D11-4C3C-8BCE-433D62100400}.Release|Any CPU.Build.0 = Release|Any CPU
		{B0FB3E03-851E-40B1-A98D-13E048302ABE}.Debug|Any CPU.ActiveCfg = Debug|Any CPU
		{B0FB3E03-851E-40B1-A98D-13E048302ABE}.Debug|Any CPU.Build.0 = Debug|Any CPU
		{B0FB3E03-851E-40B1-A98D-13E048302ABE}.Release|Any CPU.ActiveCfg = Release|Any CPU
		{B0FB3E03-851E-40B1-A98D-13E048302ABE}.Release|Any CPU.Build.0 = Release|Any CPU
		{B14D58AC-81E8-4776-AA0A-B10BC805BDA3}.Debug|Any CPU.ActiveCfg = Debug|Any CPU
		{B14D58AC-81E8-4776-AA0A-B10BC805BDA3}.Debug|Any CPU.Build.0 = Debug|Any CPU
		{B14D58AC-81E8-4776-AA0A-B10BC805BDA3}.Release|Any CPU.ActiveCfg = Release|Any CPU
		{B14D58AC-81E8-4776-AA0A-B10BC805BDA3}.Release|Any CPU.Build.0 = Release|Any CPU
		{1B549E04-3E46-40FC-ADAA-7310ED4EA142}.Debug|Any CPU.ActiveCfg = Debug|Any CPU
		{1B549E04-3E46-40FC-ADAA-7310ED4EA142}.Debug|Any CPU.Build.0 = Debug|Any CPU
		{1B549E04-3E46-40FC-ADAA-7310ED4EA142}.Release|Any CPU.ActiveCfg = Release|Any CPU
		{1B549E04-3E46-40FC-ADAA-7310ED4EA142}.Release|Any CPU.Build.0 = Release|Any CPU
		{5619FDFC-C6C1-4A45-9D4E-BDC926FE7CFF}.Debug|Any CPU.ActiveCfg = Debug|Any CPU
		{5619FDFC-C6C1-4A45-9D4E-BDC926FE7CFF}.Debug|Any CPU.Build.0 = Debug|Any CPU
		{5619FDFC-C6C1-4A45-9D4E-BDC926FE7CFF}.Release|Any CPU.ActiveCfg = Release|Any CPU
		{5619FDFC-C6C1-4A45-9D4E-BDC926FE7CFF}.Release|Any CPU.Build.0 = Release|Any CPU
		{39043528-6D22-494B-AE8F-383D31B9CC0D}.Debug|Any CPU.ActiveCfg = Debug|Any CPU
		{39043528-6D22-494B-AE8F-383D31B9CC0D}.Debug|Any CPU.Build.0 = Debug|Any CPU
		{39043528-6D22-494B-AE8F-383D31B9CC0D}.Release|Any CPU.ActiveCfg = Release|Any CPU
		{39043528-6D22-494B-AE8F-383D31B9CC0D}.Release|Any CPU.Build.0 = Release|Any CPU
		{0C1D79C4-E791-4353-B1E1-37E5C60BB63A}.Debug|Any CPU.ActiveCfg = Debug|Any CPU
		{0C1D79C4-E791-4353-B1E1-37E5C60BB63A}.Debug|Any CPU.Build.0 = Debug|Any CPU
		{0C1D79C4-E791-4353-B1E1-37E5C60BB63A}.Release|Any CPU.ActiveCfg = Release|Any CPU
		{0C1D79C4-E791-4353-B1E1-37E5C60BB63A}.Release|Any CPU.Build.0 = Release|Any CPU
		{EE24754B-1446-47C6-8E79-7A83471DC1C7}.Debug|Any CPU.ActiveCfg = Debug|Any CPU
		{EE24754B-1446-47C6-8E79-7A83471DC1C7}.Debug|Any CPU.Build.0 = Debug|Any CPU
		{EE24754B-1446-47C6-8E79-7A83471DC1C7}.Release|Any CPU.ActiveCfg = Release|Any CPU
		{EE24754B-1446-47C6-8E79-7A83471DC1C7}.Release|Any CPU.Build.0 = Release|Any CPU
		{E11B89FA-9766-4205-B46A-6684A4474E69}.Debug|Any CPU.ActiveCfg = Debug|Any CPU
		{E11B89FA-9766-4205-B46A-6684A4474E69}.Debug|Any CPU.Build.0 = Debug|Any CPU
		{E11B89FA-9766-4205-B46A-6684A4474E69}.Release|Any CPU.ActiveCfg = Release|Any CPU
		{E11B89FA-9766-4205-B46A-6684A4474E69}.Release|Any CPU.Build.0 = Release|Any CPU
		{8DEC81D1-8720-4DAF-952E-B98093EE4175}.Debug|Any CPU.ActiveCfg = Debug|Any CPU
		{8DEC81D1-8720-4DAF-952E-B98093EE4175}.Debug|Any CPU.Build.0 = Debug|Any CPU
		{8DEC81D1-8720-4DAF-952E-B98093EE4175}.Release|Any CPU.ActiveCfg = Release|Any CPU
		{8DEC81D1-8720-4DAF-952E-B98093EE4175}.Release|Any CPU.Build.0 = Release|Any CPU
		{F7CC16A0-3A82-4952-8866-4CA650C0D4BF}.Debug|Any CPU.ActiveCfg = Debug|Any CPU
		{F7CC16A0-3A82-4952-8866-4CA650C0D4BF}.Debug|Any CPU.Build.0 = Debug|Any CPU
		{F7CC16A0-3A82-4952-8866-4CA650C0D4BF}.Release|Any CPU.ActiveCfg = Release|Any CPU
		{F7CC16A0-3A82-4952-8866-4CA650C0D4BF}.Release|Any CPU.Build.0 = Release|Any CPU
		{2C8A97C2-3E56-40A8-BA07-00673E0F145F}.Debug|Any CPU.ActiveCfg = Debug|Any CPU
		{2C8A97C2-3E56-40A8-BA07-00673E0F145F}.Debug|Any CPU.Build.0 = Debug|Any CPU
		{2C8A97C2-3E56-40A8-BA07-00673E0F145F}.Release|Any CPU.ActiveCfg = Release|Any CPU
		{2C8A97C2-3E56-40A8-BA07-00673E0F145F}.Release|Any CPU.Build.0 = Release|Any CPU
		{998ED559-D633-46EB-AC42-6A1637D74144}.Debug|Any CPU.ActiveCfg = Debug|Any CPU
		{998ED559-D633-46EB-AC42-6A1637D74144}.Debug|Any CPU.Build.0 = Debug|Any CPU
		{998ED559-D633-46EB-AC42-6A1637D74144}.Release|Any CPU.ActiveCfg = Release|Any CPU
		{998ED559-D633-46EB-AC42-6A1637D74144}.Release|Any CPU.Build.0 = Release|Any CPU
		{CB9864E2-D726-4BE0-9CB0-61FDF9FA73E8}.Debug|Any CPU.ActiveCfg = Debug|Any CPU
		{CB9864E2-D726-4BE0-9CB0-61FDF9FA73E8}.Debug|Any CPU.Build.0 = Debug|Any CPU
		{CB9864E2-D726-4BE0-9CB0-61FDF9FA73E8}.Release|Any CPU.ActiveCfg = Release|Any CPU
		{CB9864E2-D726-4BE0-9CB0-61FDF9FA73E8}.Release|Any CPU.Build.0 = Release|Any CPU
		{C7D6B5F8-B40D-48FA-9BB4-23FD990CD4D0}.Debug|Any CPU.ActiveCfg = Debug|Any CPU
		{C7D6B5F8-B40D-48FA-9BB4-23FD990CD4D0}.Debug|Any CPU.Build.0 = Debug|Any CPU
		{C7D6B5F8-B40D-48FA-9BB4-23FD990CD4D0}.Release|Any CPU.ActiveCfg = Release|Any CPU
		{C7D6B5F8-B40D-48FA-9BB4-23FD990CD4D0}.Release|Any CPU.Build.0 = Release|Any CPU
		{8EAB2E2B-F660-4FBC-803B-1FD129D6EF46}.Debug|Any CPU.ActiveCfg = Debug|Any CPU
		{8EAB2E2B-F660-4FBC-803B-1FD129D6EF46}.Debug|Any CPU.Build.0 = Debug|Any CPU
		{8EAB2E2B-F660-4FBC-803B-1FD129D6EF46}.Release|Any CPU.ActiveCfg = Release|Any CPU
		{8EAB2E2B-F660-4FBC-803B-1FD129D6EF46}.Release|Any CPU.Build.0 = Release|Any CPU
	EndGlobalSection
	GlobalSection(SolutionProperties) = preSolution
		HideSolutionNode = FALSE
	EndGlobalSection
	GlobalSection(ExtensibilityGlobals) = postSolution
		SolutionGuid = {F01D31AA-58E0-4907-A856-2D9C3BE9224C}
	EndGlobalSection
EndGlobal
